
Microsoft Visual Studio Solution File, Format Version 12.00
# Visual Studio 2015
Project("{FAE04EC0-301F-11D3-BF4B-00C04F79EFBC}") = "Guesser 2.0.CSharp", "Guesser 2.0.CSharp.csproj", "{FCB5E0CE-6D73-171B-2496-78B3D4AFBD92}"
EndProject
Project("{FAE04EC0-301F-11D3-BF4B-00C04F79EFBC}") = "Guesser 2.0.CSharp.Editor", "Guesser 2.0.CSharp.Editor.csproj", "{F7DDC0AF-2B8A-8F10-495B-B1B9784DC711}"
EndProject
Global
	GlobalSection(SolutionConfigurationPlatforms) = preSolution
		Debug|Any CPU = Debug|Any CPU
		Release|Any CPU = Release|Any CPU
	EndGlobalSection
	GlobalSection(ProjectConfigurationPlatforms) = postSolution
		{FCB5E0CE-6D73-171B-2496-78B3D4AFBD92}.Debug|Any CPU.ActiveCfg = Debug|Any CPU
		{FCB5E0CE-6D73-171B-2496-78B3D4AFBD92}.Debug|Any CPU.Build.0 = Debug|Any CPU
		{FCB5E0CE-6D73-171B-2496-78B3D4AFBD92}.Release|Any CPU.ActiveCfg = Release|Any CPU
		{FCB5E0CE-6D73-171B-2496-78B3D4AFBD92}.Release|Any CPU.Build.0 = Release|Any CPU
		{F7DDC0AF-2B8A-8F10-495B-B1B9784DC711}.Debug|Any CPU.ActiveCfg = Debug|Any CPU
		{F7DDC0AF-2B8A-8F10-495B-B1B9784DC711}.Debug|Any CPU.Build.0 = Debug|Any CPU
		{F7DDC0AF-2B8A-8F10-495B-B1B9784DC711}.Release|Any CPU.ActiveCfg = Release|Any CPU
		{F7DDC0AF-2B8A-8F10-495B-B1B9784DC711}.Release|Any CPU.Build.0 = Release|Any CPU
	EndGlobalSection
	GlobalSection(SolutionProperties) = preSolution
		HideSolutionNode = FALSE
	EndGlobalSection
EndGlobal
