Microsoft Visual Studio Solution File, Format Version 11.00
# Visual Studio 2008

Project("{12EDCD0C-00AE-7B76-CA32-D246F8E4B712}") = "Guesser 2.0", "Assembly-CSharp.csproj", "{CA0ED7C7-8224-27DB-A37E-E6025B001BAF}"
EndProject
Project("{12EDCD0C-00AE-7B76-CA32-D246F8E4B712}") = "Guesser 2.0", "Assembly-CSharp-Editor.csproj", "{C12C49F4-52F0-8C80-4F7C-43BDE28D4723}"
EndProject
Global
	GlobalSection(SolutionConfigurationPlatforms) = preSolution
		Debug|Any CPU = Debug|Any CPU
		Release|Any CPU = Release|Any CPU
	EndGlobalSection
	GlobalSection(ProjectConfigurationPlatforms) = postSolution
		{CA0ED7C7-8224-27DB-A37E-E6025B001BAF}.Debug|Any CPU.ActiveCfg = Debug|Any CPU
		{CA0ED7C7-8224-27DB-A37E-E6025B001BAF}.Debug|Any CPU.Build.0 = Debug|Any CPU
		{CA0ED7C7-8224-27DB-A37E-E6025B001BAF}.Release|Any CPU.ActiveCfg = Release|Any CPU
		{CA0ED7C7-8224-27DB-A37E-E6025B001BAF}.Release|Any CPU.Build.0 = Release|Any CPU
		{C12C49F4-52F0-8C80-4F7C-43BDE28D4723}.Debug|Any CPU.ActiveCfg = Debug|Any CPU
		{C12C49F4-52F0-8C80-4F7C-43BDE28D4723}.Debug|Any CPU.Build.0 = Debug|Any CPU
		{C12C49F4-52F0-8C80-4F7C-43BDE28D4723}.Release|Any CPU.ActiveCfg = Release|Any CPU
		{C12C49F4-52F0-8C80-4F7C-43BDE28D4723}.Release|Any CPU.Build.0 = Release|Any CPU
	EndGlobalSection
	GlobalSection(SolutionProperties) = preSolution
		HideSolutionNode = FALSE
	EndGlobalSection
	GlobalSection(MonoDevelopProperties) = preSolution
		StartupItem = Assembly-CSharp.csproj
	EndGlobalSection
EndGlobal
